
Microsoft Visual Studio Solution File, Format Version 12.00
# Visual Studio 15
VisualStudioVersion = 15.0.28010.2016
MinimumVisualStudioVersion = 10.0.40219.1
Project("{FAE04EC0-301F-11D3-BF4B-00C04F79EFBC}") = "ArrayListDemo", "ArrayList\ArrayListDemo.csproj", "{7A657D89-286E-49DF-A88E-C5502E7EEC56}"
EndProject
Global
	GlobalSection(SolutionConfigurationPlatforms) = preSolution
		Debug|Any CPU = Debug|Any CPU
		Release|Any CPU = Release|Any CPU
	EndGlobalSection
	GlobalSection(ProjectConfigurationPlatforms) = postSolution
		{7A657D89-286E-49DF-A88E-C5502E7EEC56}.Debug|Any CPU.ActiveCfg = Debug|Any CPU
		{7A657D89-286E-49DF-A88E-C5502E7EEC56}.Debug|Any CPU.Build.0 = Debug|Any CPU
		{7A657D89-286E-49DF-A88E-C5502E7EEC56}.Release|Any CPU.ActiveCfg = Release|Any CPU
		{7A657D89-286E-49DF-A88E-C5502E7EEC56}.Release|Any CPU.Build.0 = Release|Any CPU
	EndGlobalSection
	GlobalSection(SolutionProperties) = preSolution
		HideSolutionNode = FALSE
	EndGlobalSection
	GlobalSection(ExtensibilityGlobals) = postSolution
		SolutionGuid = {DD6904D6-1EB2-4B85-87AB-2E1508B429D7}
	EndGlobalSection
EndGlobal
