
Microsoft Visual Studio Solution File, Format Version 12.00
# Visual Studio 15
VisualStudioVersion = 15.0.28010.2016
MinimumVisualStudioVersion = 10.0.40219.1
Project("{FAE04EC0-301F-11D3-BF4B-00C04F79EFBC}") = "Task7", "Task7\Task7.csproj", "{E00A7829-46D9-40B9-B644-923B433CB19C}"
EndProject
Global
	GlobalSection(SolutionConfigurationPlatforms) = preSolution
		Debug|Any CPU = Debug|Any CPU
		Release|Any CPU = Release|Any CPU
	EndGlobalSection
	GlobalSection(ProjectConfigurationPlatforms) = postSolution
		{E00A7829-46D9-40B9-B644-923B433CB19C}.Debug|Any CPU.ActiveCfg = Debug|Any CPU
		{E00A7829-46D9-40B9-B644-923B433CB19C}.Debug|Any CPU.Build.0 = Debug|Any CPU
		{E00A7829-46D9-40B9-B644-923B433CB19C}.Release|Any CPU.ActiveCfg = Release|Any CPU
		{E00A7829-46D9-40B9-B644-923B433CB19C}.Release|Any CPU.Build.0 = Release|Any CPU
	EndGlobalSection
	GlobalSection(SolutionProperties) = preSolution
		HideSolutionNode = FALSE
	EndGlobalSection
	GlobalSection(ExtensibilityGlobals) = postSolution
		SolutionGuid = {07600D2A-C84A-49DC-86B6-0A1D5595CC65}
	EndGlobalSection
EndGlobal
