
Microsoft Visual Studio Solution File, Format Version 12.00
# Visual Studio 15
VisualStudioVersion = 15.0.28010.2016
MinimumVisualStudioVersion = 10.0.40219.1
Project("{FAE04EC0-301F-11D3-BF4B-00C04F79EFBC}") = "Task6", "Task6\Task6.csproj", "{28713F61-0F0A-49D4-A7E3-491E70B9B538}"
EndProject
Global
	GlobalSection(SolutionConfigurationPlatforms) = preSolution
		Debug|Any CPU = Debug|Any CPU
		Release|Any CPU = Release|Any CPU
	EndGlobalSection
	GlobalSection(ProjectConfigurationPlatforms) = postSolution
		{28713F61-0F0A-49D4-A7E3-491E70B9B538}.Debug|Any CPU.ActiveCfg = Debug|Any CPU
		{28713F61-0F0A-49D4-A7E3-491E70B9B538}.Debug|Any CPU.Build.0 = Debug|Any CPU
		{28713F61-0F0A-49D4-A7E3-491E70B9B538}.Release|Any CPU.ActiveCfg = Release|Any CPU
		{28713F61-0F0A-49D4-A7E3-491E70B9B538}.Release|Any CPU.Build.0 = Release|Any CPU
	EndGlobalSection
	GlobalSection(SolutionProperties) = preSolution
		HideSolutionNode = FALSE
	EndGlobalSection
	GlobalSection(ExtensibilityGlobals) = postSolution
		SolutionGuid = {A77BB41C-282B-4DF7-A238-9B7E23EFFDDD}
	EndGlobalSection
EndGlobal
