
Microsoft Visual Studio Solution File, Format Version 12.00
# Visual Studio 15
VisualStudioVersion = 15.0.28010.2016
MinimumVisualStudioVersion = 10.0.40219.1
Project("{FAE04EC0-301F-11D3-BF4B-00C04F79EFBC}") = "Test", "Test\Test.csproj", "{3152B0E4-917D-41F2-9D28-909AA721B06B}"
EndProject
Global
	GlobalSection(SolutionConfigurationPlatforms) = preSolution
		Debug|Any CPU = Debug|Any CPU
		Release|Any CPU = Release|Any CPU
	EndGlobalSection
	GlobalSection(ProjectConfigurationPlatforms) = postSolution
		{3152B0E4-917D-41F2-9D28-909AA721B06B}.Debug|Any CPU.ActiveCfg = Debug|Any CPU
		{3152B0E4-917D-41F2-9D28-909AA721B06B}.Debug|Any CPU.Build.0 = Debug|Any CPU
		{3152B0E4-917D-41F2-9D28-909AA721B06B}.Release|Any CPU.ActiveCfg = Release|Any CPU
		{3152B0E4-917D-41F2-9D28-909AA721B06B}.Release|Any CPU.Build.0 = Release|Any CPU
	EndGlobalSection
	GlobalSection(SolutionProperties) = preSolution
		HideSolutionNode = FALSE
	EndGlobalSection
	GlobalSection(ExtensibilityGlobals) = postSolution
		SolutionGuid = {B9237E53-A110-4FF9-93E0-F26018633104}
	EndGlobalSection
EndGlobal
