
Microsoft Visual Studio Solution File, Format Version 12.00
# Visual Studio 15
VisualStudioVersion = 15.0.28010.2016
MinimumVisualStudioVersion = 10.0.40219.1
Project("{FAE04EC0-301F-11D3-BF4B-00C04F79EFBC}") = "TaskHW10.1", "TaskHW10.1\TaskHW10.1.csproj", "{CCCC0C38-5910-41FA-B2FE-9405401E9421}"
EndProject
Global
	GlobalSection(SolutionConfigurationPlatforms) = preSolution
		Debug|Any CPU = Debug|Any CPU
		Release|Any CPU = Release|Any CPU
	EndGlobalSection
	GlobalSection(ProjectConfigurationPlatforms) = postSolution
		{CCCC0C38-5910-41FA-B2FE-9405401E9421}.Debug|Any CPU.ActiveCfg = Debug|Any CPU
		{CCCC0C38-5910-41FA-B2FE-9405401E9421}.Debug|Any CPU.Build.0 = Debug|Any CPU
		{CCCC0C38-5910-41FA-B2FE-9405401E9421}.Release|Any CPU.ActiveCfg = Release|Any CPU
		{CCCC0C38-5910-41FA-B2FE-9405401E9421}.Release|Any CPU.Build.0 = Release|Any CPU
	EndGlobalSection
	GlobalSection(SolutionProperties) = preSolution
		HideSolutionNode = FALSE
	EndGlobalSection
	GlobalSection(ExtensibilityGlobals) = postSolution
		SolutionGuid = {38A3DC21-11A5-4341-9E32-A020FC2DAC3A}
	EndGlobalSection
EndGlobal
