
Microsoft Visual Studio Solution File, Format Version 12.00
# Visual Studio 15
VisualStudioVersion = 15.0.28010.2016
MinimumVisualStudioVersion = 10.0.40219.1
Project("{FAE04EC0-301F-11D3-BF4B-00C04F79EFBC}") = "Task1", "Task1\Task1.csproj", "{95491738-DEAC-4748-8888-0CDA1F47197C}"
EndProject
Project("{FAE04EC0-301F-11D3-BF4B-00C04F79EFBC}") = "HomeWork1", "HomeWork1\HomeWork1.csproj", "{D948683D-4820-4F2C-8965-FDC772841EEC}"
EndProject
Global
	GlobalSection(SolutionConfigurationPlatforms) = preSolution
		Debug|Any CPU = Debug|Any CPU
		Release|Any CPU = Release|Any CPU
	EndGlobalSection
	GlobalSection(ProjectConfigurationPlatforms) = postSolution
		{95491738-DEAC-4748-8888-0CDA1F47197C}.Debug|Any CPU.ActiveCfg = Debug|Any CPU
		{95491738-DEAC-4748-8888-0CDA1F47197C}.Debug|Any CPU.Build.0 = Debug|Any CPU
		{95491738-DEAC-4748-8888-0CDA1F47197C}.Release|Any CPU.ActiveCfg = Release|Any CPU
		{95491738-DEAC-4748-8888-0CDA1F47197C}.Release|Any CPU.Build.0 = Release|Any CPU
		{D948683D-4820-4F2C-8965-FDC772841EEC}.Debug|Any CPU.ActiveCfg = Debug|Any CPU
		{D948683D-4820-4F2C-8965-FDC772841EEC}.Debug|Any CPU.Build.0 = Debug|Any CPU
		{D948683D-4820-4F2C-8965-FDC772841EEC}.Release|Any CPU.ActiveCfg = Release|Any CPU
		{D948683D-4820-4F2C-8965-FDC772841EEC}.Release|Any CPU.Build.0 = Release|Any CPU
	EndGlobalSection
	GlobalSection(SolutionProperties) = preSolution
		HideSolutionNode = FALSE
	EndGlobalSection
	GlobalSection(ExtensibilityGlobals) = postSolution
		SolutionGuid = {7C22831D-6482-4EF1-8F1D-C7F20CC1018F}
	EndGlobalSection
EndGlobal
