
Microsoft Visual Studio Solution File, Format Version 12.00
# Visual Studio 15
VisualStudioVersion = 15.0.28010.2036
MinimumVisualStudioVersion = 10.0.40219.1
Project("{FAE04EC0-301F-11D3-BF4B-00C04F79EFBC}") = "OpenCartPageObject", "OpenCartPageObject\OpenCartPageObject.csproj", "{F6ACB770-D15A-4834-9B07-6FC23D491564}"
EndProject
Global
	GlobalSection(SolutionConfigurationPlatforms) = preSolution
		Debug|Any CPU = Debug|Any CPU
		Release|Any CPU = Release|Any CPU
	EndGlobalSection
	GlobalSection(ProjectConfigurationPlatforms) = postSolution
		{F6ACB770-D15A-4834-9B07-6FC23D491564}.Debug|Any CPU.ActiveCfg = Debug|Any CPU
		{F6ACB770-D15A-4834-9B07-6FC23D491564}.Debug|Any CPU.Build.0 = Debug|Any CPU
		{F6ACB770-D15A-4834-9B07-6FC23D491564}.Release|Any CPU.ActiveCfg = Release|Any CPU
		{F6ACB770-D15A-4834-9B07-6FC23D491564}.Release|Any CPU.Build.0 = Release|Any CPU
	EndGlobalSection
	GlobalSection(SolutionProperties) = preSolution
		HideSolutionNode = FALSE
	EndGlobalSection
	GlobalSection(ExtensibilityGlobals) = postSolution
		SolutionGuid = {8E127086-E3A0-4C36-AD98-2FE2F8B7A096}
	EndGlobalSection
EndGlobal
