
Microsoft Visual Studio Solution File, Format Version 12.00
# Visual Studio 15
VisualStudioVersion = 15.0.28010.2016
MinimumVisualStudioVersion = 10.0.40219.1
Project("{FAE04EC0-301F-11D3-BF4B-00C04F79EFBC}") = "Task5_1", "Task5_1\Task5_1.csproj", "{7C6CBCC9-EF81-493F-B878-7FF159A9A122}"
EndProject
Global
	GlobalSection(SolutionConfigurationPlatforms) = preSolution
		Debug|Any CPU = Debug|Any CPU
		Release|Any CPU = Release|Any CPU
	EndGlobalSection
	GlobalSection(ProjectConfigurationPlatforms) = postSolution
		{7C6CBCC9-EF81-493F-B878-7FF159A9A122}.Debug|Any CPU.ActiveCfg = Debug|Any CPU
		{7C6CBCC9-EF81-493F-B878-7FF159A9A122}.Debug|Any CPU.Build.0 = Debug|Any CPU
		{7C6CBCC9-EF81-493F-B878-7FF159A9A122}.Release|Any CPU.ActiveCfg = Release|Any CPU
		{7C6CBCC9-EF81-493F-B878-7FF159A9A122}.Release|Any CPU.Build.0 = Release|Any CPU
	EndGlobalSection
	GlobalSection(SolutionProperties) = preSolution
		HideSolutionNode = FALSE
	EndGlobalSection
	GlobalSection(ExtensibilityGlobals) = postSolution
		SolutionGuid = {CE56BA8A-7081-41B7-A38D-5877363B16E0}
	EndGlobalSection
EndGlobal
